// !$*UTF8*$!
{
	archiveVersion = 1;
	classes = {
	};
	objectVersion = 48;
	objects = {

/* Begin PBXBuildFile section */
		2FD1F50A2022371D0067865B /* LoadImageUseCase.swift in Sources */ = {isa = PBXBuildFile; fileRef = 2FD1F5092022371D0067865B /* LoadImageUseCase.swift */; };
		2FD1F50C2022379E0067865B /* ImageCacheGateway.swift in Sources */ = {isa = PBXBuildFile; fileRef = 2FD1F50B2022379E0067865B /* ImageCacheGateway.swift */; };
		2FD1F50E20223D160067865B /* CleanGamesGateway.swift in Sources */ = {isa = PBXBuildFile; fileRef = 2FD1F50D20223D160067865B /* CleanGamesGateway.swift */; };
		2FD1F51020223D2D0067865B /* SaveGamesGateway.swift in Sources */ = {isa = PBXBuildFile; fileRef = 2FD1F50F20223D2D0067865B /* SaveGamesGateway.swift */; };
		2FD1F51220223E1C0067865B /* SaveGamesUseCase.swift in Sources */ = {isa = PBXBuildFile; fileRef = 2FD1F51120223E1C0067865B /* SaveGamesUseCase.swift */; };
		2FD1F5172022459B0067865B /* GamesRestAPIGatewayFactory.swift in Sources */ = {isa = PBXBuildFile; fileRef = 2FD1F5162022459B0067865B /* GamesRestAPIGatewayFactory.swift */; };
		2FD1F519202246190067865B /* CleanGamesCoreDataGatewayFactory.swift in Sources */ = {isa = PBXBuildFile; fileRef = 2FD1F518202246190067865B /* CleanGamesCoreDataGatewayFactory.swift */; };
		2FD1F51C2022472D0067865B /* ManagedObjectContextFactory.swift in Sources */ = {isa = PBXBuildFile; fileRef = 2FD1F51B2022472D0067865B /* ManagedObjectContextFactory.swift */; };
		2FD1F51E202247C50067865B /* ImageCacheDictionaryGatewayFactory.swift in Sources */ = {isa = PBXBuildFile; fileRef = 2FD1F51D202247C50067865B /* ImageCacheDictionaryGatewayFactory.swift */; };
		2FD1F520202249100067865B /* ImageCacheDictionaryGateway.swift in Sources */ = {isa = PBXBuildFile; fileRef = 2FD1F51F202249100067865B /* ImageCacheDictionaryGateway.swift */; };
		2FD1F5222022496C0067865B /* LoadImageRestAPIGatewayFactory.swift in Sources */ = {isa = PBXBuildFile; fileRef = 2FD1F5212022496C0067865B /* LoadImageRestAPIGatewayFactory.swift */; };
		2FD1F52620224AC50067865B /* GameDetailViewControllerFactory.swift in Sources */ = {isa = PBXBuildFile; fileRef = 2FD1F52520224AC50067865B /* GameDetailViewControllerFactory.swift */; };
		2FD1F52920224DBB0067865B /* ListGamesUseCaseFactory.swift in Sources */ = {isa = PBXBuildFile; fileRef = 2FD1F52820224DBB0067865B /* ListGamesUseCaseFactory.swift */; };
		2FD1F52D20224F770067865B /* LoadImageUsecaseFactory.swift in Sources */ = {isa = PBXBuildFile; fileRef = 2FD1F52C20224F770067865B /* LoadImageUsecaseFactory.swift */; };
		2FD1F52F202250E50067865B /* SaveGamesUseCaseFactory.swift in Sources */ = {isa = PBXBuildFile; fileRef = 2FD1F52E202250E50067865B /* SaveGamesUseCaseFactory.swift */; };
		2FD1F536202343660067865B /* GameEntityCoreData+CoreDataClass.swift in Sources */ = {isa = PBXBuildFile; fileRef = 2FD1F535202343660067865B /* GameEntityCoreData+CoreDataClass.swift */; };
		2FD1F538202343B70067865B /* GameEntityCoreData+CoreDataProperties.swift in Sources */ = {isa = PBXBuildFile; fileRef = 2FD1F537202343B70067865B /* GameEntityCoreData+CoreDataProperties.swift */; };
		EA5D2056201FF37100A7541A /* GamesRestAPIGateway.swift in Sources */ = {isa = PBXBuildFile; fileRef = EA5D2055201FF37100A7541A /* GamesRestAPIGateway.swift */; };
		EA5D2058201FFA6800A7541A /* LoadImageRestAPIGateway.swift in Sources */ = {isa = PBXBuildFile; fileRef = EA5D2057201FFA6800A7541A /* LoadImageRestAPIGateway.swift */; };
		EA5D205A201FFA9700A7541A /* LoadImageGateway.swift in Sources */ = {isa = PBXBuildFile; fileRef = EA5D2059201FFA9700A7541A /* LoadImageGateway.swift */; };
		EA5D205C201FFB7600A7541A /* LoadImageRestAPIGatewayError.swift in Sources */ = {isa = PBXBuildFile; fileRef = EA5D205B201FFB7600A7541A /* LoadImageRestAPIGatewayError.swift */; };
		EA5D205F201FFCBF00A7541A /* ListGamesUseCase.swift in Sources */ = {isa = PBXBuildFile; fileRef = EA5D205E201FFCBF00A7541A /* ListGamesUseCase.swift */; };
		EA5D20672022871800A7541A /* GamesCoreDataGatewayFactory.swift in Sources */ = {isa = PBXBuildFile; fileRef = EA5D20662022871800A7541A /* GamesCoreDataGatewayFactory.swift */; };
		EA5D206B2022881700A7541A /* CleanGamesCoreDataGateway.swift in Sources */ = {isa = PBXBuildFile; fileRef = EA5D206A2022881700A7541A /* CleanGamesCoreDataGateway.swift */; };
		EA5D206F20228A5D00A7541A /* SaveGamesCoreDataGatewayFactory.swift in Sources */ = {isa = PBXBuildFile; fileRef = EA5D206E20228A5D00A7541A /* SaveGamesCoreDataGatewayFactory.swift */; };
		EA5D207120228B1100A7541A /* SaveGamesCoreDataGateway.swift in Sources */ = {isa = PBXBuildFile; fileRef = EA5D207020228B1100A7541A /* SaveGamesCoreDataGateway.swift */; };
		EA5D2073202296AD00A7541A /* ListGamesView.swift in Sources */ = {isa = PBXBuildFile; fileRef = EA5D2072202296AD00A7541A /* ListGamesView.swift */; };
		EA5D207520229B0500A7541A /* ListGamesView.xib in Resources */ = {isa = PBXBuildFile; fileRef = EA5D207420229B0500A7541A /* ListGamesView.xib */; };
		EA5D207720229CCA00A7541A /* GamesCollectionViewDataSource.swift in Sources */ = {isa = PBXBuildFile; fileRef = EA5D207620229CCA00A7541A /* GamesCollectionViewDataSource.swift */; };
		EA5D207D2022A74700A7541A /* GamesCoreDataGateway.swift in Sources */ = {isa = PBXBuildFile; fileRef = EA5D207C2022A74700A7541A /* GamesCoreDataGateway.swift */; };
		EA6710DF201BE9C000A1DA12 /* AppDelegate.swift in Sources */ = {isa = PBXBuildFile; fileRef = EA6710DE201BE9C000A1DA12 /* AppDelegate.swift */; };
		EA6710E4201BE9C000A1DA12 /* Main.storyboard in Resources */ = {isa = PBXBuildFile; fileRef = EA6710E2201BE9C000A1DA12 /* Main.storyboard */; };
		EA6710E7201BE9C000A1DA12 /* top_games.xcdatamodeld in Sources */ = {isa = PBXBuildFile; fileRef = EA6710E5201BE9C000A1DA12 /* top_games.xcdatamodeld */; };
		EA6710E9201BE9C000A1DA12 /* Assets.xcassets in Resources */ = {isa = PBXBuildFile; fileRef = EA6710E8201BE9C000A1DA12 /* Assets.xcassets */; };
		EA6710EC201BE9C000A1DA12 /* LaunchScreen.storyboard in Resources */ = {isa = PBXBuildFile; fileRef = EA6710EA201BE9C000A1DA12 /* LaunchScreen.storyboard */; };
		EA6710F7201BE9C000A1DA12 /* top_gamesTests.swift in Sources */ = {isa = PBXBuildFile; fileRef = EA6710F6201BE9C000A1DA12 /* top_gamesTests.swift */; };
		EA671109201BF4B500A1DA12 /* Resource.swift in Sources */ = {isa = PBXBuildFile; fileRef = EA671108201BF4B500A1DA12 /* Resource.swift */; };
		EA671117201C026A00A1DA12 /* GameCollectionViewCell.swift in Sources */ = {isa = PBXBuildFile; fileRef = EA671115201C026A00A1DA12 /* GameCollectionViewCell.swift */; };
		EA671118201C026A00A1DA12 /* GameCollectionViewCell.xib in Resources */ = {isa = PBXBuildFile; fileRef = EA671116201C026A00A1DA12 /* GameCollectionViewCell.xib */; };
		EA67111A201C060200A1DA12 /* GameDetailView.swift in Sources */ = {isa = PBXBuildFile; fileRef = EA671119201C060200A1DA12 /* GameDetailView.swift */; };
		EA67111C201C062200A1DA12 /* GameDetailView.xib in Resources */ = {isa = PBXBuildFile; fileRef = EA67111B201C062200A1DA12 /* GameDetailView.xib */; };
		EA67111E201D147100A1DA12 /* GamesEntity.swift in Sources */ = {isa = PBXBuildFile; fileRef = EA67111D201D147100A1DA12 /* GamesEntity.swift */; };
		EA671120201D1C5E00A1DA12 /* TopGamesDecodable.swift in Sources */ = {isa = PBXBuildFile; fileRef = EA67111F201D1C5E00A1DA12 /* TopGamesDecodable.swift */; };
		EA671125201D271C00A1DA12 /* GamesGateway.swift in Sources */ = {isa = PBXBuildFile; fileRef = EA671124201D271C00A1DA12 /* GamesGateway.swift */; };
		EA671127201D273200A1DA12 /* ListGamesPresenter.swift in Sources */ = {isa = PBXBuildFile; fileRef = EA671126201D273200A1DA12 /* ListGamesPresenter.swift */; };
		EA67112C201E124F00A1DA12 /* GameDetailViewController.swift in Sources */ = {isa = PBXBuildFile; fileRef = EA67112B201E124F00A1DA12 /* GameDetailViewController.swift */; };
		EA67112E201E126F00A1DA12 /* ListGamesViewController.swift in Sources */ = {isa = PBXBuildFile; fileRef = EA67112D201E126F00A1DA12 /* ListGamesViewController.swift */; };
		EA671134201E1B6000A1DA12 /* NibLoadable.swift in Sources */ = {isa = PBXBuildFile; fileRef = EA671133201E1B6000A1DA12 /* NibLoadable.swift */; };
		EA671136201E1B8000A1DA12 /* Result.swift in Sources */ = {isa = PBXBuildFile; fileRef = EA671135201E1B8000A1DA12 /* Result.swift */; };
		EA671138201E5E7E00A1DA12 /* TopGamesError.swift in Sources */ = {isa = PBXBuildFile; fileRef = EA671137201E5E7E00A1DA12 /* TopGamesError.swift */; };
		EA67113A201E5EBE00A1DA12 /* ImageCacheError.swift in Sources */ = {isa = PBXBuildFile; fileRef = EA671139201E5EBE00A1DA12 /* ImageCacheError.swift */; };
		EA67113C201E629E00A1DA12 /* LoadImagePresenter.swift in Sources */ = {isa = PBXBuildFile; fileRef = EA67113B201E629E00A1DA12 /* LoadImagePresenter.swift */; };
		EA67113E201E62E800A1DA12 /* SaveGamesPresenter.swift in Sources */ = {isa = PBXBuildFile; fileRef = EA67113D201E62E800A1DA12 /* SaveGamesPresenter.swift */; };
		EA671141201E64A100A1DA12 /* Int32+ToInt.swift in Sources */ = {isa = PBXBuildFile; fileRef = EA671140201E64A100A1DA12 /* Int32+ToInt.swift */; };
		EA671143201E64F300A1DA12 /* UIStoryboard+Main.swift in Sources */ = {isa = PBXBuildFile; fileRef = EA671142201E64F300A1DA12 /* UIStoryboard+Main.swift */; };
		EA671146201E655D00A1DA12 /* URL+Constant.swift in Sources */ = {isa = PBXBuildFile; fileRef = EA671145201E655D00A1DA12 /* URL+Constant.swift */; };
		EA671148201E65CD00A1DA12 /* String+Constant.swift in Sources */ = {isa = PBXBuildFile; fileRef = EA671147201E65CD00A1DA12 /* String+Constant.swift */; };
		EA67114A201E69D000A1DA12 /* CGFloat+Constant.swift in Sources */ = {isa = PBXBuildFile; fileRef = EA671149201E69D000A1DA12 /* CGFloat+Constant.swift */; };
		EA67114C201E6B0000A1DA12 /* TimeIntervalConstant.swift in Sources */ = {isa = PBXBuildFile; fileRef = EA67114B201E6B0000A1DA12 /* TimeIntervalConstant.swift */; };
		EA67114E201E6B6E00A1DA12 /* NotificationName+Constant.swift in Sources */ = {isa = PBXBuildFile; fileRef = EA67114D201E6B6E00A1DA12 /* NotificationName+Constant.swift */; };
		EA671150201E6D8A00A1DA12 /* CoreDataStack.swift in Sources */ = {isa = PBXBuildFile; fileRef = EA67114F201E6D8A00A1DA12 /* CoreDataStack.swift */; };
		EA671152201E6DCE00A1DA12 /* LoadingView.swift in Sources */ = {isa = PBXBuildFile; fileRef = EA671151201E6DCE00A1DA12 /* LoadingView.swift */; };
		EA671154201E6DE300A1DA12 /* LoadingView.xib in Resources */ = {isa = PBXBuildFile; fileRef = EA671153201E6DE300A1DA12 /* LoadingView.xib */; };
/* End PBXBuildFile section */

/* Begin PBXContainerItemProxy section */
		EA6710F3201BE9C000A1DA12 /* PBXContainerItemProxy */ = {
			isa = PBXContainerItemProxy;
			containerPortal = EA6710D3201BE9C000A1DA12 /* Project object */;
			proxyType = 1;
			remoteGlobalIDString = EA6710DA201BE9C000A1DA12;
			remoteInfo = "top-games";
		};
/* End PBXContainerItemProxy section */

/* Begin PBXFileReference section */
		2FD1F5092022371D0067865B /* LoadImageUseCase.swift */ = {isa = PBXFileReference; lastKnownFileType = sourcecode.swift; path = LoadImageUseCase.swift; sourceTree = "<group>"; };
		2FD1F50B2022379E0067865B /* ImageCacheGateway.swift */ = {isa = PBXFileReference; lastKnownFileType = sourcecode.swift; path = ImageCacheGateway.swift; sourceTree = "<group>"; };
		2FD1F50D20223D160067865B /* CleanGamesGateway.swift */ = {isa = PBXFileReference; lastKnownFileType = sourcecode.swift; path = CleanGamesGateway.swift; sourceTree = "<group>"; };
		2FD1F50F20223D2D0067865B /* SaveGamesGateway.swift */ = {isa = PBXFileReference; lastKnownFileType = sourcecode.swift; path = SaveGamesGateway.swift; sourceTree = "<group>"; };
		2FD1F51120223E1C0067865B /* SaveGamesUseCase.swift */ = {isa = PBXFileReference; lastKnownFileType = sourcecode.swift; path = SaveGamesUseCase.swift; sourceTree = "<group>"; };
		2FD1F5162022459B0067865B /* GamesRestAPIGatewayFactory.swift */ = {isa = PBXFileReference; lastKnownFileType = sourcecode.swift; path = GamesRestAPIGatewayFactory.swift; sourceTree = "<group>"; };
		2FD1F518202246190067865B /* CleanGamesCoreDataGatewayFactory.swift */ = {isa = PBXFileReference; lastKnownFileType = sourcecode.swift; path = CleanGamesCoreDataGatewayFactory.swift; sourceTree = "<group>"; };
		2FD1F51B2022472D0067865B /* ManagedObjectContextFactory.swift */ = {isa = PBXFileReference; lastKnownFileType = sourcecode.swift; path = ManagedObjectContextFactory.swift; sourceTree = "<group>"; };
		2FD1F51D202247C50067865B /* ImageCacheDictionaryGatewayFactory.swift */ = {isa = PBXFileReference; lastKnownFileType = sourcecode.swift; path = ImageCacheDictionaryGatewayFactory.swift; sourceTree = "<group>"; };
		2FD1F51F202249100067865B /* ImageCacheDictionaryGateway.swift */ = {isa = PBXFileReference; lastKnownFileType = sourcecode.swift; path = ImageCacheDictionaryGateway.swift; sourceTree = "<group>"; };
		2FD1F5212022496C0067865B /* LoadImageRestAPIGatewayFactory.swift */ = {isa = PBXFileReference; lastKnownFileType = sourcecode.swift; path = LoadImageRestAPIGatewayFactory.swift; sourceTree = "<group>"; };
		2FD1F52520224AC50067865B /* GameDetailViewControllerFactory.swift */ = {isa = PBXFileReference; lastKnownFileType = sourcecode.swift; path = GameDetailViewControllerFactory.swift; sourceTree = "<group>"; };
		2FD1F52820224DBB0067865B /* ListGamesUseCaseFactory.swift */ = {isa = PBXFileReference; lastKnownFileType = sourcecode.swift; path = ListGamesUseCaseFactory.swift; sourceTree = "<group>"; };
		2FD1F52C20224F770067865B /* LoadImageUsecaseFactory.swift */ = {isa = PBXFileReference; lastKnownFileType = sourcecode.swift; path = LoadImageUsecaseFactory.swift; sourceTree = "<group>"; };
		2FD1F52E202250E50067865B /* SaveGamesUseCaseFactory.swift */ = {isa = PBXFileReference; lastKnownFileType = sourcecode.swift; path = SaveGamesUseCaseFactory.swift; sourceTree = "<group>"; };
		2FD1F535202343660067865B /* GameEntityCoreData+CoreDataClass.swift */ = {isa = PBXFileReference; lastKnownFileType = sourcecode.swift; path = "GameEntityCoreData+CoreDataClass.swift"; sourceTree = "<group>"; };
		2FD1F537202343B70067865B /* GameEntityCoreData+CoreDataProperties.swift */ = {isa = PBXFileReference; lastKnownFileType = sourcecode.swift; path = "GameEntityCoreData+CoreDataProperties.swift"; sourceTree = "<group>"; };
		EA5D2055201FF37100A7541A /* GamesRestAPIGateway.swift */ = {isa = PBXFileReference; lastKnownFileType = sourcecode.swift; path = GamesRestAPIGateway.swift; sourceTree = "<group>"; };
		EA5D2057201FFA6800A7541A /* LoadImageRestAPIGateway.swift */ = {isa = PBXFileReference; lastKnownFileType = sourcecode.swift; path = LoadImageRestAPIGateway.swift; sourceTree = "<group>"; };
		EA5D2059201FFA9700A7541A /* LoadImageGateway.swift */ = {isa = PBXFileReference; lastKnownFileType = sourcecode.swift; path = LoadImageGateway.swift; sourceTree = "<group>"; };
		EA5D205B201FFB7600A7541A /* LoadImageRestAPIGatewayError.swift */ = {isa = PBXFileReference; lastKnownFileType = sourcecode.swift; path = LoadImageRestAPIGatewayError.swift; sourceTree = "<group>"; };
		EA5D205E201FFCBF00A7541A /* ListGamesUseCase.swift */ = {isa = PBXFileReference; lastKnownFileType = sourcecode.swift; path = ListGamesUseCase.swift; sourceTree = "<group>"; };
		EA5D20662022871800A7541A /* GamesCoreDataGatewayFactory.swift */ = {isa = PBXFileReference; lastKnownFileType = sourcecode.swift; path = GamesCoreDataGatewayFactory.swift; sourceTree = "<group>"; };
		EA5D206A2022881700A7541A /* CleanGamesCoreDataGateway.swift */ = {isa = PBXFileReference; lastKnownFileType = sourcecode.swift; path = CleanGamesCoreDataGateway.swift; sourceTree = "<group>"; };
		EA5D206E20228A5D00A7541A /* SaveGamesCoreDataGatewayFactory.swift */ = {isa = PBXFileReference; lastKnownFileType = sourcecode.swift; path = SaveGamesCoreDataGatewayFactory.swift; sourceTree = "<group>"; };
		EA5D207020228B1100A7541A /* SaveGamesCoreDataGateway.swift */ = {isa = PBXFileReference; lastKnownFileType = sourcecode.swift; path = SaveGamesCoreDataGateway.swift; sourceTree = "<group>"; };
		EA5D2072202296AD00A7541A /* ListGamesView.swift */ = {isa = PBXFileReference; lastKnownFileType = sourcecode.swift; path = ListGamesView.swift; sourceTree = "<group>"; };
		EA5D207420229B0500A7541A /* ListGamesView.xib */ = {isa = PBXFileReference; lastKnownFileType = file.xib; path = ListGamesView.xib; sourceTree = "<group>"; };
		EA5D207620229CCA00A7541A /* GamesCollectionViewDataSource.swift */ = {isa = PBXFileReference; lastKnownFileType = sourcecode.swift; path = GamesCollectionViewDataSource.swift; sourceTree = "<group>"; };
		EA5D207C2022A74700A7541A /* GamesCoreDataGateway.swift */ = {isa = PBXFileReference; lastKnownFileType = sourcecode.swift; path = GamesCoreDataGateway.swift; sourceTree = "<group>"; };
		EA6710DB201BE9C000A1DA12 /* top-games.app */ = {isa = PBXFileReference; explicitFileType = wrapper.application; includeInIndex = 0; path = "top-games.app"; sourceTree = BUILT_PRODUCTS_DIR; };
		EA6710DE201BE9C000A1DA12 /* AppDelegate.swift */ = {isa = PBXFileReference; lastKnownFileType = sourcecode.swift; path = AppDelegate.swift; sourceTree = "<group>"; };
		EA6710E3201BE9C000A1DA12 /* Base */ = {isa = PBXFileReference; lastKnownFileType = file.storyboard; name = Base; path = Base.lproj/Main.storyboard; sourceTree = "<group>"; };
		EA6710E6201BE9C000A1DA12 /* top_games.xcdatamodel */ = {isa = PBXFileReference; lastKnownFileType = wrapper.xcdatamodel; path = top_games.xcdatamodel; sourceTree = "<group>"; };
		EA6710E8201BE9C000A1DA12 /* Assets.xcassets */ = {isa = PBXFileReference; lastKnownFileType = folder.assetcatalog; path = Assets.xcassets; sourceTree = "<group>"; };
		EA6710EB201BE9C000A1DA12 /* Base */ = {isa = PBXFileReference; lastKnownFileType = file.storyboard; name = Base; path = Base.lproj/LaunchScreen.storyboard; sourceTree = "<group>"; };
		EA6710ED201BE9C000A1DA12 /* Info.plist */ = {isa = PBXFileReference; lastKnownFileType = text.plist.xml; path = Info.plist; sourceTree = "<group>"; };
		EA6710F2201BE9C000A1DA12 /* top-gamesTests.xctest */ = {isa = PBXFileReference; explicitFileType = wrapper.cfbundle; includeInIndex = 0; path = "top-gamesTests.xctest"; sourceTree = BUILT_PRODUCTS_DIR; };
		EA6710F6201BE9C000A1DA12 /* top_gamesTests.swift */ = {isa = PBXFileReference; lastKnownFileType = sourcecode.swift; path = top_gamesTests.swift; sourceTree = "<group>"; };
		EA6710F8201BE9C000A1DA12 /* Info.plist */ = {isa = PBXFileReference; lastKnownFileType = text.plist.xml; path = Info.plist; sourceTree = "<group>"; };
		EA671108201BF4B500A1DA12 /* Resource.swift */ = {isa = PBXFileReference; lastKnownFileType = sourcecode.swift; path = Resource.swift; sourceTree = "<group>"; };
		EA671115201C026A00A1DA12 /* GameCollectionViewCell.swift */ = {isa = PBXFileReference; lastKnownFileType = sourcecode.swift; path = GameCollectionViewCell.swift; sourceTree = "<group>"; };
		EA671116201C026A00A1DA12 /* GameCollectionViewCell.xib */ = {isa = PBXFileReference; lastKnownFileType = file.xib; path = GameCollectionViewCell.xib; sourceTree = "<group>"; };
		EA671119201C060200A1DA12 /* GameDetailView.swift */ = {isa = PBXFileReference; lastKnownFileType = sourcecode.swift; path = GameDetailView.swift; sourceTree = "<group>"; };
		EA67111B201C062200A1DA12 /* GameDetailView.xib */ = {isa = PBXFileReference; lastKnownFileType = file.xib; path = GameDetailView.xib; sourceTree = "<group>"; };
		EA67111D201D147100A1DA12 /* GamesEntity.swift */ = {isa = PBXFileReference; lastKnownFileType = sourcecode.swift; path = GamesEntity.swift; sourceTree = "<group>"; };
		EA67111F201D1C5E00A1DA12 /* TopGamesDecodable.swift */ = {isa = PBXFileReference; lastKnownFileType = sourcecode.swift; path = TopGamesDecodable.swift; sourceTree = "<group>"; };
		EA671124201D271C00A1DA12 /* GamesGateway.swift */ = {isa = PBXFileReference; lastKnownFileType = sourcecode.swift; path = GamesGateway.swift; sourceTree = "<group>"; };
		EA671126201D273200A1DA12 /* ListGamesPresenter.swift */ = {isa = PBXFileReference; lastKnownFileType = sourcecode.swift; path = ListGamesPresenter.swift; sourceTree = "<group>"; };
		EA67112B201E124F00A1DA12 /* GameDetailViewController.swift */ = {isa = PBXFileReference; lastKnownFileType = sourcecode.swift; path = GameDetailViewController.swift; sourceTree = "<group>"; };
		EA67112D201E126F00A1DA12 /* ListGamesViewController.swift */ = {isa = PBXFileReference; lastKnownFileType = sourcecode.swift; path = ListGamesViewController.swift; sourceTree = "<group>"; };
		EA671133201E1B6000A1DA12 /* NibLoadable.swift */ = {isa = PBXFileReference; lastKnownFileType = sourcecode.swift; path = NibLoadable.swift; sourceTree = "<group>"; };
		EA671135201E1B8000A1DA12 /* Result.swift */ = {isa = PBXFileReference; lastKnownFileType = sourcecode.swift; path = Result.swift; sourceTree = "<group>"; };
		EA671137201E5E7E00A1DA12 /* TopGamesError.swift */ = {isa = PBXFileReference; lastKnownFileType = sourcecode.swift; path = TopGamesError.swift; sourceTree = "<group>"; };
		EA671139201E5EBE00A1DA12 /* ImageCacheError.swift */ = {isa = PBXFileReference; lastKnownFileType = sourcecode.swift; path = ImageCacheError.swift; sourceTree = "<group>"; };
		EA67113B201E629E00A1DA12 /* LoadImagePresenter.swift */ = {isa = PBXFileReference; lastKnownFileType = sourcecode.swift; path = LoadImagePresenter.swift; sourceTree = "<group>"; };
		EA67113D201E62E800A1DA12 /* SaveGamesPresenter.swift */ = {isa = PBXFileReference; lastKnownFileType = sourcecode.swift; path = SaveGamesPresenter.swift; sourceTree = "<group>"; };
		EA671140201E64A100A1DA12 /* Int32+ToInt.swift */ = {isa = PBXFileReference; lastKnownFileType = sourcecode.swift; path = "Int32+ToInt.swift"; sourceTree = "<group>"; };
		EA671142201E64F300A1DA12 /* UIStoryboard+Main.swift */ = {isa = PBXFileReference; lastKnownFileType = sourcecode.swift; path = "UIStoryboard+Main.swift"; sourceTree = "<group>"; };
		EA671145201E655D00A1DA12 /* URL+Constant.swift */ = {isa = PBXFileReference; lastKnownFileType = sourcecode.swift; path = "URL+Constant.swift"; sourceTree = "<group>"; };
		EA671147201E65CD00A1DA12 /* String+Constant.swift */ = {isa = PBXFileReference; lastKnownFileType = sourcecode.swift; path = "String+Constant.swift"; sourceTree = "<group>"; };
		EA671149201E69D000A1DA12 /* CGFloat+Constant.swift */ = {isa = PBXFileReference; lastKnownFileType = sourcecode.swift; path = "CGFloat+Constant.swift"; sourceTree = "<group>"; };
		EA67114B201E6B0000A1DA12 /* TimeIntervalConstant.swift */ = {isa = PBXFileReference; lastKnownFileType = sourcecode.swift; path = TimeIntervalConstant.swift; sourceTree = "<group>"; };
		EA67114D201E6B6E00A1DA12 /* NotificationName+Constant.swift */ = {isa = PBXFileReference; lastKnownFileType = sourcecode.swift; path = "NotificationName+Constant.swift"; sourceTree = "<group>"; };
		EA67114F201E6D8A00A1DA12 /* CoreDataStack.swift */ = {isa = PBXFileReference; lastKnownFileType = sourcecode.swift; path = CoreDataStack.swift; sourceTree = "<group>"; };
		EA671151201E6DCE00A1DA12 /* LoadingView.swift */ = {isa = PBXFileReference; lastKnownFileType = sourcecode.swift; path = LoadingView.swift; sourceTree = "<group>"; };
		EA671153201E6DE300A1DA12 /* LoadingView.xib */ = {isa = PBXFileReference; lastKnownFileType = file.xib; path = LoadingView.xib; sourceTree = "<group>"; };
/* End PBXFileReference section */

/* Begin PBXFrameworksBuildPhase section */
		EA6710D8201BE9C000A1DA12 /* Frameworks */ = {
			isa = PBXFrameworksBuildPhase;
			buildActionMask = 2147483647;
			files = (
			);
			runOnlyForDeploymentPostprocessing = 0;
		};
		EA6710EF201BE9C000A1DA12 /* Frameworks */ = {
			isa = PBXFrameworksBuildPhase;
			buildActionMask = 2147483647;
			files = (
			);
			runOnlyForDeploymentPostprocessing = 0;
		};
/* End PBXFrameworksBuildPhase section */

/* Begin PBXGroup section */
		2FD1F5152022454A0067865B /* Gateways */ = {
			isa = PBXGroup;
			children = (
				2FD1F5162022459B0067865B /* GamesRestAPIGatewayFactory.swift */,
				2FD1F518202246190067865B /* CleanGamesCoreDataGatewayFactory.swift */,
				2FD1F51D202247C50067865B /* ImageCacheDictionaryGatewayFactory.swift */,
				2FD1F5212022496C0067865B /* LoadImageRestAPIGatewayFactory.swift */,
			);
			path = Gateways;
			sourceTree = "<group>";
		};
		2FD1F51A2022471B0067865B /* Essentials */ = {
			isa = PBXGroup;
			children = (
				2FD1F51B2022472D0067865B /* ManagedObjectContextFactory.swift */,
				2FD1F52520224AC50067865B /* GameDetailViewControllerFactory.swift */,
			);
			path = Essentials;
			sourceTree = "<group>";
		};
		2FD1F52720224B2D0067865B /* UseCases */ = {
			isa = PBXGroup;
			children = (
				2FD1F52820224DBB0067865B /* ListGamesUseCaseFactory.swift */,
				2FD1F52C20224F770067865B /* LoadImageUsecaseFactory.swift */,
				2FD1F52E202250E50067865B /* SaveGamesUseCaseFactory.swift */,
			);
			path = UseCases;
			sourceTree = "<group>";
		};
		2FD1F530202340000067865B /* Entities */ = {
			isa = PBXGroup;
			children = (
				2FD1F535202343660067865B /* GameEntityCoreData+CoreDataClass.swift */,
				2FD1F537202343B70067865B /* GameEntityCoreData+CoreDataProperties.swift */,
			);
			name = Entities;
			path = "top-games/Core/Entities";
			sourceTree = SOURCE_ROOT;
		};
		EA5D205D201FFC0700A7541A /* UseCases */ = {
			isa = PBXGroup;
			children = (
				EA5D205E201FFCBF00A7541A /* ListGamesUseCase.swift */,
				2FD1F5092022371D0067865B /* LoadImageUseCase.swift */,
				2FD1F51120223E1C0067865B /* SaveGamesUseCase.swift */,
			);
			path = UseCases;
			sourceTree = "<group>";
		};
		EA5D20612022787300A7541A /* Gateways */ = {
			isa = PBXGroup;
			children = (
				EA5D207C2022A74700A7541A /* GamesCoreDataGateway.swift */,
				EA5D20662022871800A7541A /* GamesCoreDataGatewayFactory.swift */,
				EA5D206A2022881700A7541A /* CleanGamesCoreDataGateway.swift */,
				EA5D206E20228A5D00A7541A /* SaveGamesCoreDataGatewayFactory.swift */,
				EA5D207020228B1100A7541A /* SaveGamesCoreDataGateway.swift */,
			);
			path = Gateways;
			sourceTree = "<group>";
		};
		EA6710D2201BE9C000A1DA12 = {
			isa = PBXGroup;
			children = (
				EA6710DD201BE9C000A1DA12 /* top-games */,
				EA6710F5201BE9C000A1DA12 /* top-gamesTests */,
				EA6710DC201BE9C000A1DA12 /* Products */,
			);
			sourceTree = "<group>";
		};
		EA6710DC201BE9C000A1DA12 /* Products */ = {
			isa = PBXGroup;
			children = (
				EA6710DB201BE9C000A1DA12 /* top-games.app */,
				EA6710F2201BE9C000A1DA12 /* top-gamesTests.xctest */,
			);
			name = Products;
			sourceTree = "<group>";
		};
		EA6710DD201BE9C000A1DA12 /* top-games */ = {
			isa = PBXGroup;
			children = (
				EA67112F201E1B1200A1DA12 /* Shared */,
				EA671106201BEF6700A1DA12 /* Network */,
				EA671103201BED7400A1DA12 /* Games */,
				EA671102201BED6100A1DA12 /* Core */,
				EA671101201BED2F00A1DA12 /* Essentials */,
			);
			path = "top-games";
			sourceTree = "<group>";
		};
		EA6710F5201BE9C000A1DA12 /* top-gamesTests */ = {
			isa = PBXGroup;
			children = (
				EA6710F6201BE9C000A1DA12 /* top_gamesTests.swift */,
				EA6710F8201BE9C000A1DA12 /* Info.plist */,
			);
			path = "top-gamesTests";
			sourceTree = "<group>";
		};
		EA671101201BED2F00A1DA12 /* Essentials */ = {
			isa = PBXGroup;
			children = (
				EA6710ED201BE9C000A1DA12 /* Info.plist */,
				EA6710E8201BE9C000A1DA12 /* Assets.xcassets */,
				EA6710EA201BE9C000A1DA12 /* LaunchScreen.storyboard */,
				EA6710DE201BE9C000A1DA12 /* AppDelegate.swift */,
			);
			path = Essentials;
			sourceTree = "<group>";
		};
		EA671102201BED6100A1DA12 /* Core */ = {
			isa = PBXGroup;
			children = (
				2FD1F530202340000067865B /* Entities */,
				EA5D20612022787300A7541A /* Gateways */,
				EA6710E5201BE9C000A1DA12 /* top_games.xcdatamodeld */,
			);
			path = Core;
			sourceTree = "<group>";
		};
		EA671103201BED7400A1DA12 /* Games */ = {
			isa = PBXGroup;
			children = (
				EA5D205D201FFC0700A7541A /* UseCases */,
				EA671128201D273E00A1DA12 /* Factories */,
				EA67110E201BF94E00A1DA12 /* Datasource & Delegate */,
				EA67110D201BF8B300A1DA12 /* Presenters */,
				EA67110C201BF88100A1DA12 /* Gateways */,
				EA671107201BEFC400A1DA12 /* Entities */,
				EA671105201BED8300A1DA12 /* Views */,
				EA671104201BED7C00A1DA12 /* ViewControllers */,
			);
			path = Games;
			sourceTree = "<group>";
		};
		EA671104201BED7C00A1DA12 /* ViewControllers */ = {
			isa = PBXGroup;
			children = (
				EA67112B201E124F00A1DA12 /* GameDetailViewController.swift */,
				EA67112D201E126F00A1DA12 /* ListGamesViewController.swift */,
			);
			path = ViewControllers;
			sourceTree = "<group>";
		};
		EA671105201BED8300A1DA12 /* Views */ = {
			isa = PBXGroup;
			children = (
				EA671115201C026A00A1DA12 /* GameCollectionViewCell.swift */,
				EA671116201C026A00A1DA12 /* GameCollectionViewCell.xib */,
				EA671119201C060200A1DA12 /* GameDetailView.swift */,
				EA67111B201C062200A1DA12 /* GameDetailView.xib */,
				EA5D2072202296AD00A7541A /* ListGamesView.swift */,
				EA5D207420229B0500A7541A /* ListGamesView.xib */,
			);
			path = Views;
			sourceTree = "<group>";
		};
		EA671106201BEF6700A1DA12 /* Network */ = {
			isa = PBXGroup;
			children = (
				EA671108201BF4B500A1DA12 /* Resource.swift */,
			);
			path = Network;
			sourceTree = "<group>";
		};
		EA671107201BEFC400A1DA12 /* Entities */ = {
			isa = PBXGroup;
			children = (
				EA67111D201D147100A1DA12 /* GamesEntity.swift */,
				EA67111F201D1C5E00A1DA12 /* TopGamesDecodable.swift */,
			);
			path = Entities;
			sourceTree = "<group>";
		};
		EA67110C201BF88100A1DA12 /* Gateways */ = {
			isa = PBXGroup;
			children = (
				EA671124201D271C00A1DA12 /* GamesGateway.swift */,
				EA5D2055201FF37100A7541A /* GamesRestAPIGateway.swift */,
				EA5D2057201FFA6800A7541A /* LoadImageRestAPIGateway.swift */,
				EA5D2059201FFA9700A7541A /* LoadImageGateway.swift */,
				2FD1F50B2022379E0067865B /* ImageCacheGateway.swift */,
				2FD1F50D20223D160067865B /* CleanGamesGateway.swift */,
				2FD1F50F20223D2D0067865B /* SaveGamesGateway.swift */,
				2FD1F51F202249100067865B /* ImageCacheDictionaryGateway.swift */,
			);
			path = Gateways;
			sourceTree = "<group>";
		};
		EA67110D201BF8B300A1DA12 /* Presenters */ = {
			isa = PBXGroup;
			children = (
				EA671126201D273200A1DA12 /* ListGamesPresenter.swift */,
				EA67113B201E629E00A1DA12 /* LoadImagePresenter.swift */,
				EA67113D201E62E800A1DA12 /* SaveGamesPresenter.swift */,
			);
			path = Presenters;
			sourceTree = "<group>";
		};
		EA67110E201BF94E00A1DA12 /* Datasource & Delegate */ = {
			isa = PBXGroup;
			children = (
				EA5D207620229CCA00A7541A /* GamesCollectionViewDataSource.swift */,
			);
			path = "Datasource & Delegate";
			sourceTree = "<group>";
		};
		EA671128201D273E00A1DA12 /* Factories */ = {
			isa = PBXGroup;
			children = (
				2FD1F52720224B2D0067865B /* UseCases */,
				2FD1F51A2022471B0067865B /* Essentials */,
				2FD1F5152022454A0067865B /* Gateways */,
			);
			path = Factories;
			sourceTree = "<group>";
		};
		EA67112F201E1B1200A1DA12 /* Shared */ = {
			isa = PBXGroup;
			children = (
				EA671144201E654500A1DA12 /* Constants */,
				EA67113F201E648900A1DA12 /* Extensions */,
				EA671132201E1B2E00A1DA12 /* Helpers */,
				EA671131201E1B2800A1DA12 /* Views */,
				EA671130201E1B1800A1DA12 /* Errors */,
			);
			path = Shared;
			sourceTree = "<group>";
		};
		EA671130201E1B1800A1DA12 /* Errors */ = {
			isa = PBXGroup;
			children = (
				EA671137201E5E7E00A1DA12 /* TopGamesError.swift */,
				EA671139201E5EBE00A1DA12 /* ImageCacheError.swift */,
				EA5D205B201FFB7600A7541A /* LoadImageRestAPIGatewayError.swift */,
			);
			path = Errors;
			sourceTree = "<group>";
		};
		EA671131201E1B2800A1DA12 /* Views */ = {
			isa = PBXGroup;
			children = (
				EA6710E2201BE9C000A1DA12 /* Main.storyboard */,
				EA671151201E6DCE00A1DA12 /* LoadingView.swift */,
				EA671153201E6DE300A1DA12 /* LoadingView.xib */,
			);
			path = Views;
			sourceTree = "<group>";
		};
		EA671132201E1B2E00A1DA12 /* Helpers */ = {
			isa = PBXGroup;
			children = (
				EA671133201E1B6000A1DA12 /* NibLoadable.swift */,
				EA671135201E1B8000A1DA12 /* Result.swift */,
				EA67114F201E6D8A00A1DA12 /* CoreDataStack.swift */,
			);
			path = Helpers;
			sourceTree = "<group>";
		};
		EA67113F201E648900A1DA12 /* Extensions */ = {
			isa = PBXGroup;
			children = (
				EA671140201E64A100A1DA12 /* Int32+ToInt.swift */,
				EA671142201E64F300A1DA12 /* UIStoryboard+Main.swift */,
			);
			path = Extensions;
			sourceTree = "<group>";
		};
		EA671144201E654500A1DA12 /* Constants */ = {
			isa = PBXGroup;
			children = (
				EA671145201E655D00A1DA12 /* URL+Constant.swift */,
				EA671147201E65CD00A1DA12 /* String+Constant.swift */,
				EA671149201E69D000A1DA12 /* CGFloat+Constant.swift */,
				EA67114B201E6B0000A1DA12 /* TimeIntervalConstant.swift */,
				EA67114D201E6B6E00A1DA12 /* NotificationName+Constant.swift */,
			);
			path = Constants;
			sourceTree = "<group>";
		};
/* End PBXGroup section */

/* Begin PBXNativeTarget section */
		EA6710DA201BE9C000A1DA12 /* top-games */ = {
			isa = PBXNativeTarget;
			buildConfigurationList = EA6710FB201BE9C000A1DA12 /* Build configuration list for PBXNativeTarget "top-games" */;
			buildPhases = (
				EA6710D7201BE9C000A1DA12 /* Sources */,
				EA6710D8201BE9C000A1DA12 /* Frameworks */,
				EA6710D9201BE9C000A1DA12 /* Resources */,
			);
			buildRules = (
			);
			dependencies = (
			);
			name = "top-games";
			productName = "top-games";
			productReference = EA6710DB201BE9C000A1DA12 /* top-games.app */;
			productType = "com.apple.product-type.application";
		};
		EA6710F1201BE9C000A1DA12 /* top-gamesTests */ = {
			isa = PBXNativeTarget;
			buildConfigurationList = EA6710FE201BE9C000A1DA12 /* Build configuration list for PBXNativeTarget "top-gamesTests" */;
			buildPhases = (
				EA6710EE201BE9C000A1DA12 /* Sources */,
				EA6710EF201BE9C000A1DA12 /* Frameworks */,
				EA6710F0201BE9C000A1DA12 /* Resources */,
			);
			buildRules = (
			);
			dependencies = (
				EA6710F4201BE9C000A1DA12 /* PBXTargetDependency */,
			);
			name = "top-gamesTests";
			productName = "top-gamesTests";
			productReference = EA6710F2201BE9C000A1DA12 /* top-gamesTests.xctest */;
			productType = "com.apple.product-type.bundle.unit-test";
		};
/* End PBXNativeTarget section */

/* Begin PBXProject section */
		EA6710D3201BE9C000A1DA12 /* Project object */ = {
			isa = PBXProject;
			attributes = {
				LastSwiftUpdateCheck = 0920;
				LastUpgradeCheck = 0920;
				ORGANIZATIONNAME = "Vinicius Carvalho";
				TargetAttributes = {
					EA6710DA201BE9C000A1DA12 = {
						CreatedOnToolsVersion = 9.2;
						ProvisioningStyle = Automatic;
					};
					EA6710F1201BE9C000A1DA12 = {
						CreatedOnToolsVersion = 9.2;
						ProvisioningStyle = Automatic;
						TestTargetID = EA6710DA201BE9C000A1DA12;
					};
				};
			};
			buildConfigurationList = EA6710D6201BE9C000A1DA12 /* Build configuration list for PBXProject "top-games" */;
			compatibilityVersion = "Xcode 8.0";
			developmentRegion = en;
			hasScannedForEncodings = 0;
			knownRegions = (
				en,
				Base,
			);
			mainGroup = EA6710D2201BE9C000A1DA12;
			productRefGroup = EA6710DC201BE9C000A1DA12 /* Products */;
			projectDirPath = "";
			projectRoot = "";
			targets = (
				EA6710DA201BE9C000A1DA12 /* top-games */,
				EA6710F1201BE9C000A1DA12 /* top-gamesTests */,
			);
		};
/* End PBXProject section */

/* Begin PBXResourcesBuildPhase section */
		EA6710D9201BE9C000A1DA12 /* Resources */ = {
			isa = PBXResourcesBuildPhase;
			buildActionMask = 2147483647;
			files = (
				EA67111C201C062200A1DA12 /* GameDetailView.xib in Resources */,
				EA671118201C026A00A1DA12 /* GameCollectionViewCell.xib in Resources */,
				EA6710EC201BE9C000A1DA12 /* LaunchScreen.storyboard in Resources */,
				EA5D207520229B0500A7541A /* ListGamesView.xib in Resources */,
				EA671154201E6DE300A1DA12 /* LoadingView.xib in Resources */,
				EA6710E9201BE9C000A1DA12 /* Assets.xcassets in Resources */,
				EA6710E4201BE9C000A1DA12 /* Main.storyboard in Resources */,
			);
			runOnlyForDeploymentPostprocessing = 0;
		};
		EA6710F0201BE9C000A1DA12 /* Resources */ = {
			isa = PBXResourcesBuildPhase;
			buildActionMask = 2147483647;
			files = (
			);
			runOnlyForDeploymentPostprocessing = 0;
		};
/* End PBXResourcesBuildPhase section */

/* Begin PBXSourcesBuildPhase section */
		EA6710D7201BE9C000A1DA12 /* Sources */ = {
			isa = PBXSourcesBuildPhase;
			buildActionMask = 2147483647;
			files = (
				2FD1F51E202247C50067865B /* ImageCacheDictionaryGatewayFactory.swift in Sources */,
				2FD1F536202343660067865B /* GameEntityCoreData+CoreDataClass.swift in Sources */,
				EA671136201E1B8000A1DA12 /* Result.swift in Sources */,
				EA67112E201E126F00A1DA12 /* ListGamesViewController.swift in Sources */,
				2FD1F5172022459B0067865B /* GamesRestAPIGatewayFactory.swift in Sources */,
				2FD1F52620224AC50067865B /* GameDetailViewControllerFactory.swift in Sources */,
				EA671134201E1B6000A1DA12 /* NibLoadable.swift in Sources */,
				2FD1F52920224DBB0067865B /* ListGamesUseCaseFactory.swift in Sources */,
				EA5D205C201FFB7600A7541A /* LoadImageRestAPIGatewayError.swift in Sources */,
				EA5D205F201FFCBF00A7541A /* ListGamesUseCase.swift in Sources */,
				2FD1F52F202250E50067865B /* SaveGamesUseCaseFactory.swift in Sources */,
				2FD1F50A2022371D0067865B /* LoadImageUseCase.swift in Sources */,
				2FD1F538202343B70067865B /* GameEntityCoreData+CoreDataProperties.swift in Sources */,
				2FD1F51C2022472D0067865B /* ManagedObjectContextFactory.swift in Sources */,
				EA67113E201E62E800A1DA12 /* SaveGamesPresenter.swift in Sources */,
				EA67112C201E124F00A1DA12 /* GameDetailViewController.swift in Sources */,
				2FD1F50C2022379E0067865B /* ImageCacheGateway.swift in Sources */,
				EA5D2056201FF37100A7541A /* GamesRestAPIGateway.swift in Sources */,
				EA5D205A201FFA9700A7541A /* LoadImageGateway.swift in Sources */,
				EA67114A201E69D000A1DA12 /* CGFloat+Constant.swift in Sources */,
				2FD1F520202249100067865B /* ImageCacheDictionaryGateway.swift in Sources */,
				EA671109201BF4B500A1DA12 /* Resource.swift in Sources */,
				EA671138201E5E7E00A1DA12 /* TopGamesError.swift in Sources */,
				EA6710E7201BE9C000A1DA12 /* top_games.xcdatamodeld in Sources */,
				2FD1F5222022496C0067865B /* LoadImageRestAPIGatewayFactory.swift in Sources */,
				EA671120201D1C5E00A1DA12 /* TopGamesDecodable.swift in Sources */,
				EA671127201D273200A1DA12 /* ListGamesPresenter.swift in Sources */,
				EA671117201C026A00A1DA12 /* GameCollectionViewCell.swift in Sources */,
				EA5D206B2022881700A7541A /* CleanGamesCoreDataGateway.swift in Sources */,
				EA5D207D2022A74700A7541A /* GamesCoreDataGateway.swift in Sources */,
				EA671148201E65CD00A1DA12 /* String+Constant.swift in Sources */,
				2FD1F50E20223D160067865B /* CleanGamesGateway.swift in Sources */,
				EA671150201E6D8A00A1DA12 /* CoreDataStack.swift in Sources */,
				EA67111E201D147100A1DA12 /* GamesEntity.swift in Sources */,
				EA5D2058201FFA6800A7541A /* LoadImageRestAPIGateway.swift in Sources */,
				EA5D2073202296AD00A7541A /* ListGamesView.swift in Sources */,
				EA67113C201E629E00A1DA12 /* LoadImagePresenter.swift in Sources */,
				EA671143201E64F300A1DA12 /* UIStoryboard+Main.swift in Sources */,
				2FD1F51220223E1C0067865B /* SaveGamesUseCase.swift in Sources */,
				2FD1F51020223D2D0067865B /* SaveGamesGateway.swift in Sources */,
				2FD1F519202246190067865B /* CleanGamesCoreDataGatewayFactory.swift in Sources */,
				EA5D20672022871800A7541A /* GamesCoreDataGatewayFactory.swift in Sources */,
				EA671141201E64A100A1DA12 /* Int32+ToInt.swift in Sources */,
				EA671125201D271C00A1DA12 /* GamesGateway.swift in Sources */,
				EA6710DF201BE9C000A1DA12 /* AppDelegate.swift in Sources */,
				EA5D207720229CCA00A7541A /* GamesCollectionViewDataSource.swift in Sources */,
				EA67114C201E6B0000A1DA12 /* TimeIntervalConstant.swift in Sources */,
				EA67114E201E6B6E00A1DA12 /* NotificationName+Constant.swift in Sources */,
				EA67113A201E5EBE00A1DA12 /* ImageCacheError.swift in Sources */,
				EA5D206F20228A5D00A7541A /* SaveGamesCoreDataGatewayFactory.swift in Sources */,
				2FD1F52D20224F770067865B /* LoadImageUsecaseFactory.swift in Sources */,
				EA5D207120228B1100A7541A /* SaveGamesCoreDataGateway.swift in Sources */,
				EA67111A201C060200A1DA12 /* GameDetailView.swift in Sources */,
				EA671152201E6DCE00A1DA12 /* LoadingView.swift in Sources */,
				EA671146201E655D00A1DA12 /* URL+Constant.swift in Sources */,
			);
			runOnlyForDeploymentPostprocessing = 0;
		};
		EA6710EE201BE9C000A1DA12 /* Sources */ = {
			isa = PBXSourcesBuildPhase;
			buildActionMask = 2147483647;
			files = (
				EA6710F7201BE9C000A1DA12 /* top_gamesTests.swift in Sources */,
			);
			runOnlyForDeploymentPostprocessing = 0;
		};
/* End PBXSourcesBuildPhase section */

/* Begin PBXTargetDependency section */
		EA6710F4201BE9C000A1DA12 /* PBXTargetDependency */ = {
			isa = PBXTargetDependency;
			target = EA6710DA201BE9C000A1DA12 /* top-games */;
			targetProxy = EA6710F3201BE9C000A1DA12 /* PBXContainerItemProxy */;
		};
/* End PBXTargetDependency section */

/* Begin PBXVariantGroup section */
		EA6710E2201BE9C000A1DA12 /* Main.storyboard */ = {
			isa = PBXVariantGroup;
			children = (
				EA6710E3201BE9C000A1DA12 /* Base */,
			);
			name = Main.storyboard;
			sourceTree = "<group>";
		};
		EA6710EA201BE9C000A1DA12 /* LaunchScreen.storyboard */ = {
			isa = PBXVariantGroup;
			children = (
				EA6710EB201BE9C000A1DA12 /* Base */,
			);
			name = LaunchScreen.storyboard;
			sourceTree = "<group>";
		};
/* End PBXVariantGroup section */

/* Begin XCBuildConfiguration section */
		EA6710F9201BE9C000A1DA12 /* Debug */ = {
			isa = XCBuildConfiguration;
			buildSettings = {
				ALWAYS_SEARCH_USER_PATHS = NO;
				CLANG_ANALYZER_NONNULL = YES;
				CLANG_ANALYZER_NUMBER_OBJECT_CONVERSION = YES_AGGRESSIVE;
				CLANG_CXX_LANGUAGE_STANDARD = "gnu++14";
				CLANG_CXX_LIBRARY = "libc++";
				CLANG_ENABLE_MODULES = YES;
				CLANG_ENABLE_OBJC_ARC = YES;
				CLANG_WARN_BLOCK_CAPTURE_AUTORELEASING = YES;
				CLANG_WARN_BOOL_CONVERSION = YES;
				CLANG_WARN_COMMA = YES;
				CLANG_WARN_CONSTANT_CONVERSION = YES;
				CLANG_WARN_DIRECT_OBJC_ISA_USAGE = YES_ERROR;
				CLANG_WARN_DOCUMENTATION_COMMENTS = YES;
				CLANG_WARN_EMPTY_BODY = YES;
				CLANG_WARN_ENUM_CONVERSION = YES;
				CLANG_WARN_INFINITE_RECURSION = YES;
				CLANG_WARN_INT_CONVERSION = YES;
				CLANG_WARN_NON_LITERAL_NULL_CONVERSION = YES;
				CLANG_WARN_OBJC_LITERAL_CONVERSION = YES;
				CLANG_WARN_OBJC_ROOT_CLASS = YES_ERROR;
				CLANG_WARN_RANGE_LOOP_ANALYSIS = YES;
				CLANG_WARN_STRICT_PROTOTYPES = YES;
				CLANG_WARN_SUSPICIOUS_MOVE = YES;
				CLANG_WARN_UNGUARDED_AVAILABILITY = YES_AGGRESSIVE;
				CLANG_WARN_UNREACHABLE_CODE = YES;
				CLANG_WARN__DUPLICATE_METHOD_MATCH = YES;
				CODE_SIGN_IDENTITY = "iPhone Developer";
				COPY_PHASE_STRIP = NO;
				DEBUG_INFORMATION_FORMAT = dwarf;
				ENABLE_STRICT_OBJC_MSGSEND = YES;
				ENABLE_TESTABILITY = YES;
				GCC_C_LANGUAGE_STANDARD = gnu11;
				GCC_DYNAMIC_NO_PIC = NO;
				GCC_NO_COMMON_BLOCKS = YES;
				GCC_OPTIMIZATION_LEVEL = 0;
				GCC_PREPROCESSOR_DEFINITIONS = (
					"DEBUG=1",
					"$(inherited)",
				);
				GCC_WARN_64_TO_32_BIT_CONVERSION = YES;
				GCC_WARN_ABOUT_RETURN_TYPE = YES_ERROR;
				GCC_WARN_UNDECLARED_SELECTOR = YES;
				GCC_WARN_UNINITIALIZED_AUTOS = YES_AGGRESSIVE;
				GCC_WARN_UNUSED_FUNCTION = YES;
				GCC_WARN_UNUSED_VARIABLE = YES;
				IPHONEOS_DEPLOYMENT_TARGET = 11.2;
				MTL_ENABLE_DEBUG_INFO = YES;
				ONLY_ACTIVE_ARCH = YES;
				SDKROOT = iphoneos;
				SWIFT_ACTIVE_COMPILATION_CONDITIONS = DEBUG;
				SWIFT_OPTIMIZATION_LEVEL = "-Onone";
			};
			name = Debug;
		};
		EA6710FA201BE9C000A1DA12 /* Release */ = {
			isa = XCBuildConfiguration;
			buildSettings = {
				ALWAYS_SEARCH_USER_PATHS = NO;
				CLANG_ANALYZER_NONNULL = YES;
				CLANG_ANALYZER_NUMBER_OBJECT_CONVERSION = YES_AGGRESSIVE;
				CLANG_CXX_LANGUAGE_STANDARD = "gnu++14";
				CLANG_CXX_LIBRARY = "libc++";
				CLANG_ENABLE_MODULES = YES;
				CLANG_ENABLE_OBJC_ARC = YES;
				CLANG_WARN_BLOCK_CAPTURE_AUTORELEASING = YES;
				CLANG_WARN_BOOL_CONVERSION = YES;
				CLANG_WARN_COMMA = YES;
				CLANG_WARN_CONSTANT_CONVERSION = YES;
				CLANG_WARN_DIRECT_OBJC_ISA_USAGE = YES_ERROR;
				CLANG_WARN_DOCUMENTATION_COMMENTS = YES;
				CLANG_WARN_EMPTY_BODY = YES;
				CLANG_WARN_ENUM_CONVERSION = YES;
				CLANG_WARN_INFINITE_RECURSION = YES;
				CLANG_WARN_INT_CONVERSION = YES;
				CLANG_WARN_NON_LITERAL_NULL_CONVERSION = YES;
				CLANG_WARN_OBJC_LITERAL_CONVERSION = YES;
				CLANG_WARN_OBJC_ROOT_CLASS = YES_ERROR;
				CLANG_WARN_RANGE_LOOP_ANALYSIS = YES;
				CLANG_WARN_STRICT_PROTOTYPES = YES;
				CLANG_WARN_SUSPICIOUS_MOVE = YES;
				CLANG_WARN_UNGUARDED_AVAILABILITY = YES_AGGRESSIVE;
				CLANG_WARN_UNREACHABLE_CODE = YES;
				CLANG_WARN__DUPLICATE_METHOD_MATCH = YES;
				CODE_SIGN_IDENTITY = "iPhone Developer";
				COPY_PHASE_STRIP = NO;
				DEBUG_INFORMATION_FORMAT = "dwarf-with-dsym";
				ENABLE_NS_ASSERTIONS = NO;
				ENABLE_STRICT_OBJC_MSGSEND = YES;
				GCC_C_LANGUAGE_STANDARD = gnu11;
				GCC_NO_COMMON_BLOCKS = YES;
				GCC_WARN_64_TO_32_BIT_CONVERSION = YES;
				GCC_WARN_ABOUT_RETURN_TYPE = YES_ERROR;
				GCC_WARN_UNDECLARED_SELECTOR = YES;
				GCC_WARN_UNINITIALIZED_AUTOS = YES_AGGRESSIVE;
				GCC_WARN_UNUSED_FUNCTION = YES;
				GCC_WARN_UNUSED_VARIABLE = YES;
				IPHONEOS_DEPLOYMENT_TARGET = 11.2;
				MTL_ENABLE_DEBUG_INFO = NO;
				SDKROOT = iphoneos;
				SWIFT_OPTIMIZATION_LEVEL = "-Owholemodule";
				VALIDATE_PRODUCT = YES;
			};
			name = Release;
		};
		EA6710FC201BE9C000A1DA12 /* Debug */ = {
			isa = XCBuildConfiguration;
			buildSettings = {
				ASSETCATALOG_COMPILER_APPICON_NAME = AppIcon;
				CODE_SIGN_STYLE = Automatic;
				DEVELOPMENT_TEAM = 6U8286L9PF;
				INFOPLIST_FILE = "$(SRCROOT)/top-games/Essentials/Info.plist";
				LD_RUNPATH_SEARCH_PATHS = "$(inherited) @executable_path/Frameworks";
				PRODUCT_BUNDLE_IDENTIFIER = "com.viniciuscarvalho.top-games";
				PRODUCT_NAME = "$(TARGET_NAME)";
				SWIFT_VERSION = 4.0;
				TARGETED_DEVICE_FAMILY = "1,2";
			};
			name = Debug;
		};
		EA6710FD201BE9C000A1DA12 /* Release */ = {
			isa = XCBuildConfiguration;
			buildSettings = {
				ASSETCATALOG_COMPILER_APPICON_NAME = AppIcon;
				CODE_SIGN_STYLE = Automatic;
				DEVELOPMENT_TEAM = 6U8286L9PF;
				INFOPLIST_FILE = "$(SRCROOT)/top-games/Essentials/Info.plist";
				LD_RUNPATH_SEARCH_PATHS = "$(inherited) @executable_path/Frameworks";
				PRODUCT_BUNDLE_IDENTIFIER = "com.viniciuscarvalho.top-games";
				PRODUCT_NAME = "$(TARGET_NAME)";
				SWIFT_VERSION = 4.0;
				TARGETED_DEVICE_FAMILY = "1,2";
			};
			name = Release;
		};
		EA6710FF201BE9C000A1DA12 /* Debug */ = {
			isa = XCBuildConfiguration;
			buildSettings = {
				ALWAYS_EMBED_SWIFT_STANDARD_LIBRARIES = YES;
				BUNDLE_LOADER = "$(TEST_HOST)";
				CODE_SIGN_STYLE = Automatic;
				DEVELOPMENT_TEAM = 6U8286L9PF;
				INFOPLIST_FILE = "top-gamesTests/Info.plist";
				LD_RUNPATH_SEARCH_PATHS = "$(inherited) @executable_path/Frameworks @loader_path/Frameworks";
				PRODUCT_BUNDLE_IDENTIFIER = "com.viniciuscarvalho.top-gamesTests";
				PRODUCT_NAME = "$(TARGET_NAME)";
				SWIFT_VERSION = 4.0;
				TARGETED_DEVICE_FAMILY = "1,2";
				TEST_HOST = "$(BUILT_PRODUCTS_DIR)/top-games.app/top-games";
			};
			name = Debug;
		};
		EA671100201BE9C000A1DA12 /* Release */ = {
			isa = XCBuildConfiguration;
			buildSettings = {
				ALWAYS_EMBED_SWIFT_STANDARD_LIBRARIES = YES;
				BUNDLE_LOADER = "$(TEST_HOST)";
				CODE_SIGN_STYLE = Automatic;
				DEVELOPMENT_TEAM = 6U8286L9PF;
				INFOPLIST_FILE = "top-gamesTests/Info.plist";
				LD_RUNPATH_SEARCH_PATHS = "$(inherited) @executable_path/Frameworks @loader_path/Frameworks";
				PRODUCT_BUNDLE_IDENTIFIER = "com.viniciuscarvalho.top-gamesTests";
				PRODUCT_NAME = "$(TARGET_NAME)";
				SWIFT_VERSION = 4.0;
				TARGETED_DEVICE_FAMILY = "1,2";
				TEST_HOST = "$(BUILT_PRODUCTS_DIR)/top-games.app/top-games";
			};
			name = Release;
		};
/* End XCBuildConfiguration section */

/* Begin XCConfigurationList section */
		EA6710D6201BE9C000A1DA12 /* Build configuration list for PBXProject "top-games" */ = {
			isa = XCConfigurationList;
			buildConfigurations = (
				EA6710F9201BE9C000A1DA12 /* Debug */,
				EA6710FA201BE9C000A1DA12 /* Release */,
			);
			defaultConfigurationIsVisible = 0;
			defaultConfigurationName = Release;
		};
		EA6710FB201BE9C000A1DA12 /* Build configuration list for PBXNativeTarget "top-games" */ = {
			isa = XCConfigurationList;
			buildConfigurations = (
				EA6710FC201BE9C000A1DA12 /* Debug */,
				EA6710FD201BE9C000A1DA12 /* Release */,
			);
			defaultConfigurationIsVisible = 0;
			defaultConfigurationName = Release;
		};
		EA6710FE201BE9C000A1DA12 /* Build configuration list for PBXNativeTarget "top-gamesTests" */ = {
			isa = XCConfigurationList;
			buildConfigurations = (
				EA6710FF201BE9C000A1DA12 /* Debug */,
				EA671100201BE9C000A1DA12 /* Release */,
			);
			defaultConfigurationIsVisible = 0;
			defaultConfigurationName = Release;
		};
/* End XCConfigurationList section */

/* Begin XCVersionGroup section */
		EA6710E5201BE9C000A1DA12 /* top_games.xcdatamodeld */ = {
			isa = XCVersionGroup;
			children = (
				EA6710E6201BE9C000A1DA12 /* top_games.xcdatamodel */,
			);
			currentVersion = EA6710E6201BE9C000A1DA12 /* top_games.xcdatamodel */;
			path = top_games.xcdatamodeld;
			sourceTree = "<group>";
			versionGroupType = wrapper.xcdatamodel;
		};
/* End XCVersionGroup section */
	};
	rootObject = EA6710D3201BE9C000A1DA12 /* Project object */;
}
